// !$*UTF8*$!
{
	archiveVersion = 1;
	classes = {
	};
	objectVersion = 50;
	objects = {

/* Begin PBXBuildFile section */
		5BF2B89B5187C130273C4986 /* Pods_CICDDemo_iOS.framework in Frameworks */ = {isa = PBXBuildFile; fileRef = 2431B82E163AD3D50BFD9A15 /* Pods_CICDDemo_iOS.framework */; };
		953E671F21B1035200C59CBF /* AppDelegate.swift in Sources */ = {isa = PBXBuildFile; fileRef = 953E671E21B1035200C59CBF /* AppDelegate.swift */; };
		953E672121B1035200C59CBF /* ViewController.swift in Sources */ = {isa = PBXBuildFile; fileRef = 953E672021B1035200C59CBF /* ViewController.swift */; };
		953E672421B1035300C59CBF /* Main.storyboard in Resources */ = {isa = PBXBuildFile; fileRef = 953E672221B1035300C59CBF /* Main.storyboard */; };
		953E672621B1036400C59CBF /* Assets.xcassets in Resources */ = {isa = PBXBuildFile; fileRef = 953E672521B1036400C59CBF /* Assets.xcassets */; };
		953E672921B1036400C59CBF /* LaunchScreen.storyboard in Resources */ = {isa = PBXBuildFile; fileRef = 953E672721B1036400C59CBF /* LaunchScreen.storyboard */; };
/* End PBXBuildFile section */

/* Begin PBXFileReference section */
		2431B82E163AD3D50BFD9A15 /* Pods_CICDDemo_iOS.framework */ = {isa = PBXFileReference; explicitFileType = wrapper.framework; includeInIndex = 0; path = Pods_CICDDemo_iOS.framework; sourceTree = BUILT_PRODUCTS_DIR; };
		863983BDC11C675A45FECAFE /* Pods-CICDDemo_iOS.release.xcconfig */ = {isa = PBXFileReference; includeInIndex = 1; lastKnownFileType = text.xcconfig; name = "Pods-CICDDemo_iOS.release.xcconfig"; path = "Pods/Target Support Files/Pods-CICDDemo_iOS/Pods-CICDDemo_iOS.release.xcconfig"; sourceTree = "<group>"; };
		8B40BF7F71467513E9ACD55F /* Pods-CICDDemo_iOS.debug.xcconfig */ = {isa = PBXFileReference; includeInIndex = 1; lastKnownFileType = text.xcconfig; name = "Pods-CICDDemo_iOS.debug.xcconfig"; path = "Pods/Target Support Files/Pods-CICDDemo_iOS/Pods-CICDDemo_iOS.debug.xcconfig"; sourceTree = "<group>"; };
		953E671B21B1035200C59CBF /* CICDDemo_iOS.app */ = {isa = PBXFileReference; explicitFileType = wrapper.application; includeInIndex = 0; path = CICDDemo_iOS.app; sourceTree = BUILT_PRODUCTS_DIR; };
		953E671E21B1035200C59CBF /* AppDelegate.swift */ = {isa = PBXFileReference; lastKnownFileType = sourcecode.swift; path = AppDelegate.swift; sourceTree = "<group>"; };
		953E672021B1035200C59CBF /* ViewController.swift */ = {isa = PBXFileReference; lastKnownFileType = sourcecode.swift; path = ViewController.swift; sourceTree = "<group>"; };
		953E672321B1035300C59CBF /* Base */ = {isa = PBXFileReference; lastKnownFileType = file.storyboard; name = Base; path = Base.lproj/Main.storyboard; sourceTree = "<group>"; };
		953E672521B1036400C59CBF /* Assets.xcassets */ = {isa = PBXFileReference; lastKnownFileType = folder.assetcatalog; path = Assets.xcassets; sourceTree = "<group>"; };
		953E672821B1036400C59CBF /* Base */ = {isa = PBXFileReference; lastKnownFileType = file.storyboard; name = Base; path = Base.lproj/LaunchScreen.storyboard; sourceTree = "<group>"; };
		953E672A21B1036400C59CBF /* Info.plist */ = {isa = PBXFileReference; lastKnownFileType = text.plist.xml; path = Info.plist; sourceTree = "<group>"; };
/* End PBXFileReference section */

/* Begin PBXFrameworksBuildPhase section */
		953E671821B1035200C59CBF /* Frameworks */ = {
			isa = PBXFrameworksBuildPhase;
			buildActionMask = 2147483647;
			files = (
				5BF2B89B5187C130273C4986 /* Pods_CICDDemo_iOS.framework in Frameworks */,
			);
			runOnlyForDeploymentPostprocessing = 0;
		};
/* End PBXFrameworksBuildPhase section */

/* Begin PBXGroup section */
		1B6EBF5F3ACEB4A07774CA2F /* Frameworks */ = {
			isa = PBXGroup;
			children = (
				2431B82E163AD3D50BFD9A15 /* Pods_CICDDemo_iOS.framework */,
			);
			name = Frameworks;
			sourceTree = "<group>";
		};
		953E671221B1035200C59CBF = {
			isa = PBXGroup;
			children = (
				953E671D21B1035200C59CBF /* CICDDemo_iOS */,
				953E671C21B1035200C59CBF /* Products */,
				F16FDF25AABF61E448E9980A /* Pods */,
				1B6EBF5F3ACEB4A07774CA2F /* Frameworks */,
			);
			sourceTree = "<group>";
		};
		953E671C21B1035200C59CBF /* Products */ = {
			isa = PBXGroup;
			children = (
				953E671B21B1035200C59CBF /* CICDDemo_iOS.app */,
			);
			name = Products;
			sourceTree = "<group>";
		};
		953E671D21B1035200C59CBF /* CICDDemo_iOS */ = {
			isa = PBXGroup;
			children = (
				953E671E21B1035200C59CBF /* AppDelegate.swift */,
				953E672021B1035200C59CBF /* ViewController.swift */,
				953E672221B1035300C59CBF /* Main.storyboard */,
				953E672521B1036400C59CBF /* Assets.xcassets */,
				953E672721B1036400C59CBF /* LaunchScreen.storyboard */,
				953E672A21B1036400C59CBF /* Info.plist */,
			);
			path = CICDDemo_iOS;
			sourceTree = "<group>";
		};
		F16FDF25AABF61E448E9980A /* Pods */ = {
			isa = PBXGroup;
			children = (
				8B40BF7F71467513E9ACD55F /* Pods-CICDDemo_iOS.debug.xcconfig */,
				863983BDC11C675A45FECAFE /* Pods-CICDDemo_iOS.release.xcconfig */,
			);
			name = Pods;
			sourceTree = "<group>";
		};
/* End PBXGroup section */

/* Begin PBXNativeTarget section */
		953E671A21B1035200C59CBF /* CICDDemo_iOS */ = {
			isa = PBXNativeTarget;
			buildConfigurationList = 953E672D21B1036400C59CBF /* Build configuration list for PBXNativeTarget "CICDDemo_iOS" */;
			buildPhases = (
				F1AC32F3B5F59E386EEB2253 /* [CP] Check Pods Manifest.lock */,
				953E671721B1035200C59CBF /* Sources */,
				953E671821B1035200C59CBF /* Frameworks */,
				953E671921B1035200C59CBF /* Resources */,
			);
			buildRules = (
			);
			dependencies = (
			);
			name = CICDDemo_iOS;
			productName = CICDDemo_iOS;
			productReference = 953E671B21B1035200C59CBF /* CICDDemo_iOS.app */;
			productType = "com.apple.product-type.application";
		};
/* End PBXNativeTarget section */

/* Begin PBXProject section */
		953E671321B1035200C59CBF /* Project object */ = {
			isa = PBXProject;
			attributes = {
				LastSwiftUpdateCheck = 1000;
				LastUpgradeCheck = 1000;
				ORGANIZATIONNAME = "Dhaval Sabhaya";
				TargetAttributes = {
					953E671A21B1035200C59CBF = {
						CreatedOnToolsVersion = 10.0;
					};
				};
			};
			buildConfigurationList = 953E671621B1035200C59CBF /* Build configuration list for PBXProject "CICDDemo_iOS" */;
			compatibilityVersion = "Xcode 9.3";
			developmentRegion = en;
			hasScannedForEncodings = 0;
			knownRegions = (
				en,
				Base,
			);
			mainGroup = 953E671221B1035200C59CBF;
			productRefGroup = 953E671C21B1035200C59CBF /* Products */;
			projectDirPath = "";
			projectRoot = "";
			targets = (
				953E671A21B1035200C59CBF /* CICDDemo_iOS */,
			);
		};
/* End PBXProject section */

/* Begin PBXResourcesBuildPhase section */
		953E671921B1035200C59CBF /* Resources */ = {
			isa = PBXResourcesBuildPhase;
			buildActionMask = 2147483647;
			files = (
				953E672921B1036400C59CBF /* LaunchScreen.storyboard in Resources */,
				953E672621B1036400C59CBF /* Assets.xcassets in Resources */,
				953E672421B1035300C59CBF /* Main.storyboard in Resources */,
			);
			runOnlyForDeploymentPostprocessing = 0;
		};
/* End PBXResourcesBuildPhase section */

/* Begin PBXShellScriptBuildPhase section */
		F1AC32F3B5F59E386EEB2253 /* [CP] Check Pods Manifest.lock */ = {
			isa = PBXShellScriptBuildPhase;
			buildActionMask = 2147483647;
			files = (
			);
			inputFileListPaths = (
			);
			inputPaths = (
				"${PODS_PODFILE_DIR_PATH}/Podfile.lock",
				"${PODS_ROOT}/Manifest.lock",
			);
			name = "[CP] Check Pods Manifest.lock";
			outputFileListPaths = (
			);
			outputPaths = (
				"$(DERIVED_FILE_DIR)/Pods-CICDDemo_iOS-checkManifestLockResult.txt",
			);
			runOnlyForDeploymentPostprocessing = 0;
			shellPath = /bin/sh;
			shellScript = "diff \"${PODS_PODFILE_DIR_PATH}/Podfile.lock\" \"${PODS_ROOT}/Manifest.lock\" > /dev/null\nif [ $? != 0 ] ; then\n    # print error to STDERR\n    echo \"error: The sandbox is not in sync with the Podfile.lock. Run 'pod install' or update your CocoaPods installation.\" >&2\n    exit 1\nfi\n# This output is used by Xcode 'outputs' to avoid re-running this script phase.\necho \"SUCCESS\" > \"${SCRIPT_OUTPUT_FILE_0}\"\n";
			showEnvVarsInLog = 0;
		};
/* End PBXShellScriptBuildPhase section */

/* Begin PBXSourcesBuildPhase section */
		953E671721B1035200C59CBF /* Sources */ = {
			isa = PBXSourcesBuildPhase;
			buildActionMask = 2147483647;
			files = (
				953E672121B1035200C59CBF /* ViewController.swift in Sources */,
				953E671F21B1035200C59CBF /* AppDelegate.swift in Sources */,
			);
			runOnlyForDeploymentPostprocessing = 0;
		};
/* End PBXSourcesBuildPhase section */

/* Begin PBXVariantGroup section */
		953E672221B1035300C59CBF /* Main.storyboard */ = {
			isa = PBXVariantGroup;
			children = (
				953E672321B1035300C59CBF /* Base */,
			);
			name = Main.storyboard;
			sourceTree = "<group>";
		};
		953E672721B1036400C59CBF /* LaunchScreen.storyboard */ = {
			isa = PBXVariantGroup;
			children = (
				953E672821B1036400C59CBF /* Base */,
			);
			name = LaunchScreen.storyboard;
			sourceTree = "<group>";
		};
/* End PBXVariantGroup section */

/* Begin XCBuildConfiguration section */
		953E672B21B1036400C59CBF /* Debug */ = {
			isa = XCBuildConfiguration;
			buildSettings = {
				ALWAYS_SEARCH_USER_PATHS = NO;
				CLANG_ANALYZER_NONNULL = YES;
				CLANG_ANALYZER_NUMBER_OBJECT_CONVERSION = YES_AGGRESSIVE;
				CLANG_CXX_LANGUAGE_STANDARD = "gnu++14";
				CLANG_CXX_LIBRARY = "libc++";
				CLANG_ENABLE_MODULES = YES;
				CLANG_ENABLE_OBJC_ARC = YES;
				CLANG_ENABLE_OBJC_WEAK = YES;
				CLANG_WARN_BLOCK_CAPTURE_AUTORELEASING = YES;
				CLANG_WARN_BOOL_CONVERSION = YES;
				CLANG_WARN_COMMA = YES;
				CLANG_WARN_CONSTANT_CONVERSION = YES;
				CLANG_WARN_DEPRECATED_OBJC_IMPLEMENTATIONS = YES;
				CLANG_WARN_DIRECT_OBJC_ISA_USAGE = YES_ERROR;
				CLANG_WARN_DOCUMENTATION_COMMENTS = YES;
				CLANG_WARN_EMPTY_BODY = YES;
				CLANG_WARN_ENUM_CONVERSION = YES;
				CLANG_WARN_INFINITE_RECURSION = YES;
				CLANG_WARN_INT_CONVERSION = YES;
				CLANG_WARN_NON_LITERAL_NULL_CONVERSION = YES;
				CLANG_WARN_OBJC_IMPLICIT_RETAIN_SELF = YES;
				CLANG_WARN_OBJC_LITERAL_CONVERSION = YES;
				CLANG_WARN_OBJC_ROOT_CLASS = YES_ERROR;
				CLANG_WARN_RANGE_LOOP_ANALYSIS = YES;
				CLANG_WARN_STRICT_PROTOTYPES = YES;
				CLANG_WARN_SUSPICIOUS_MOVE = YES;
				CLANG_WARN_UNGUARDED_AVAILABILITY = YES_AGGRESSIVE;
				CLANG_WARN_UNREACHABLE_CODE = YES;
				CLANG_WARN__DUPLICATE_METHOD_MATCH = YES;
				CODE_SIGN_IDENTITY = "iPhone Developer";
				COPY_PHASE_STRIP = NO;
				DEBUG_INFORMATION_FORMAT = dwarf;
				ENABLE_STRICT_OBJC_MSGSEND = YES;
				ENABLE_TESTABILITY = YES;
				GCC_C_LANGUAGE_STANDARD = gnu11;
				GCC_DYNAMIC_NO_PIC = NO;
				GCC_NO_COMMON_BLOCKS = YES;
				GCC_OPTIMIZATION_LEVEL = 0;
				GCC_PREPROCESSOR_DEFINITIONS = (
					"DEBUG=1",
					"$(inherited)",
				);
				GCC_WARN_64_TO_32_BIT_CONVERSION = YES;
				GCC_WARN_ABOUT_RETURN_TYPE = YES_ERROR;
				GCC_WARN_UNDECLARED_SELECTOR = YES;
				GCC_WARN_UNINITIALIZED_AUTOS = YES_AGGRESSIVE;
				GCC_WARN_UNUSED_FUNCTION = YES;
				GCC_WARN_UNUSED_VARIABLE = YES;
				IPHONEOS_DEPLOYMENT_TARGET = 12.0;
				MTL_ENABLE_DEBUG_INFO = INCLUDE_SOURCE;
				MTL_FAST_MATH = YES;
				ONLY_ACTIVE_ARCH = YES;
				SDKROOT = iphoneos;
				SWIFT_ACTIVE_COMPILATION_CONDITIONS = DEBUG;
				SWIFT_OPTIMIZATION_LEVEL = "-Onone";
			};
			name = Debug;
		};
		953E672C21B1036400C59CBF /* Release */ = {
			isa = XCBuildConfiguration;
			buildSettings = {
				ALWAYS_SEARCH_USER_PATHS = NO;
				CLANG_ANALYZER_NONNULL = YES;
				CLANG_ANALYZER_NUMBER_OBJECT_CONVERSION = YES_AGGRESSIVE;
				CLANG_CXX_LANGUAGE_STANDARD = "gnu++14";
				CLANG_CXX_LIBRARY = "libc++";
				CLANG_ENABLE_MODULES = YES;
				CLANG_ENABLE_OBJC_ARC = YES;
				CLANG_ENABLE_OBJC_WEAK = YES;
				CLANG_WARN_BLOCK_CAPTURE_AUTORELEASING = YES;
				CLANG_WARN_BOOL_CONVERSION = YES;
				CLANG_WARN_COMMA = YES;
				CLANG_WARN_CONSTANT_CONVERSION = YES;
				CLANG_WARN_DEPRECATED_OBJC_IMPLEMENTATIONS = YES;
				CLANG_WARN_DIRECT_OBJC_ISA_USAGE = YES_ERROR;
				CLANG_WARN_DOCUMENTATION_COMMENTS = YES;
				CLANG_WARN_EMPTY_BODY = YES;
				CLANG_WARN_ENUM_CONVERSION = YES;
				CLANG_WARN_INFINITE_RECURSION = YES;
				CLANG_WARN_INT_CONVERSION = YES;
				CLANG_WARN_NON_LITERAL_NULL_CONVERSION = YES;
				CLANG_WARN_OBJC_IMPLICIT_RETAIN_SELF = YES;
				CLANG_WARN_OBJC_LITERAL_CONVERSION = YES;
				CLANG_WARN_OBJC_ROOT_CLASS = YES_ERROR;
				CLANG_WARN_RANGE_LOOP_ANALYSIS = YES;
				CLANG_WARN_STRICT_PROTOTYPES = YES;
				CLANG_WARN_SUSPICIOUS_MOVE = YES;
				CLANG_WARN_UNGUARDED_AVAILABILITY = YES_AGGRESSIVE;
				CLANG_WARN_UNREACHABLE_CODE = YES;
				CLANG_WARN__DUPLICATE_METHOD_MATCH = YES;
				CODE_SIGN_IDENTITY = "iPhone Developer";
				COPY_PHASE_STRIP = NO;
				DEBUG_INFORMATION_FORMAT = "dwarf-with-dsym";
				ENABLE_NS_ASSERTIONS = NO;
				ENABLE_STRICT_OBJC_MSGSEND = YES;
				GCC_C_LANGUAGE_STANDARD = gnu11;
				GCC_NO_COMMON_BLOCKS = YES;
				GCC_WARN_64_TO_32_BIT_CONVERSION = YES;
				GCC_WARN_ABOUT_RETURN_TYPE = YES_ERROR;
				GCC_WARN_UNDECLARED_SELECTOR = YES;
				GCC_WARN_UNINITIALIZED_AUTOS = YES_AGGRESSIVE;
				GCC_WARN_UNUSED_FUNCTION = YES;
				GCC_WARN_UNUSED_VARIABLE = YES;
				IPHONEOS_DEPLOYMENT_TARGET = 12.0;
				MTL_ENABLE_DEBUG_INFO = NO;
				MTL_FAST_MATH = YES;
				SDKROOT = iphoneos;
				SWIFT_COMPILATION_MODE = wholemodule;
				SWIFT_OPTIMIZATION_LEVEL = "-O";
				VALIDATE_PRODUCT = YES;
			};
			name = Release;
		};
		953E672E21B1036400C59CBF /* Debug */ = {
			isa = XCBuildConfiguration;
			baseConfigurationReference = 8B40BF7F71467513E9ACD55F /* Pods-CICDDemo_iOS.debug.xcconfig */;
			buildSettings = {
				ASSETCATALOG_COMPILER_APPICON_NAME = AppIcon;
				CODE_SIGN_STYLE = Automatic;
				DEVELOPMENT_TEAM = GWX9XCPYYK;
				INFOPLIST_FILE = CICDDemo_iOS/Info.plist;
				IPHONEOS_DEPLOYMENT_TARGET = 11.0;
				LD_RUNPATH_SEARCH_PATHS = (
					"$(inherited)",
					"@executable_path/Frameworks",
				);
				PRODUCT_BUNDLE_IDENTIFIER = com.kcs.poc;
				PRODUCT_NAME = "$(TARGET_NAME)";
				SWIFT_VERSION = 4.2;
				TARGETED_DEVICE_FAMILY = 1;
			};
			name = Debug;
		};
		953E672F21B1036400C59CBF /* Release */ = {
			isa = XCBuildConfiguration;
			baseConfigurationReference = 863983BDC11C675A45FECAFE /* Pods-CICDDemo_iOS.release.xcconfig */;
			buildSettings = {
				ASSETCATALOG_COMPILER_APPICON_NAME = AppIcon;
				CODE_SIGN_STYLE = Automatic;
				DEVELOPMENT_TEAM = GWX9XCPYYK;
				INFOPLIST_FILE = CICDDemo_iOS/Info.plist;
				IPHONEOS_DEPLOYMENT_TARGET = 11.0;
				LD_RUNPATH_SEARCH_PATHS = (
					"$(inherited)",
					"@executable_path/Frameworks",
				);
				PRODUCT_BUNDLE_IDENTIFIER = com.kcs.poc;
				PRODUCT_NAME = "$(TARGET_NAME)";
				SWIFT_VERSION = 4.2;
				TARGETED_DEVICE_FAMILY = 1;
			};
			name = Release;
		};
/* End XCBuildConfiguration section */

/* Begin XCConfigurationList section */
		953E671621B1035200C59CBF /* Build configuration list for PBXProject "CICDDemo_iOS" */ = {
			isa = XCConfigurationList;
			buildConfigurations = (
				953E672B21B1036400C59CBF /* Debug */,
				953E672C21B1036400C59CBF /* Release */,
			);
			defaultConfigurationIsVisible = 0;
			defaultConfigurationName = Release;
		};
		953E672D21B1036400C59CBF /* Build configuration list for PBXNativeTarget "CICDDemo_iOS" */ = {
			isa = XCConfigurationList;
			buildConfigurations = (
				953E672E21B1036400C59CBF /* Debug */,
				953E672F21B1036400C59CBF /* Release */,
			);
			defaultConfigurationIsVisible = 0;
			defaultConfigurationName = Release;
		};
/* End XCConfigurationList section */
	};
	rootObject = 953E671321B1035200C59CBF /* Project object */;
}
